
Microsoft Visual Studio Solution File, Format Version 12.00
Project("{2150E333-8FDC-42A3-9474-1A3956D46DE8}") = "src", "src", "{AA8F2F96-72C3-4318-84C0-F7752B091EAF}"
EndProject
Project("{2150E333-8FDC-42A3-9474-1A3956D46DE8}") = "tests", "tests", "{0C79F5A4-6B40-41CD-88CD-F84ECA347501}"
EndProject
Project("{FAE04EC0-301F-11D3-BF4B-00C04F79EFBC}") = "Domain", "src\Domain\Domain.csproj", "{307A4E10-7C7F-4C04-962B-1BB3F4038453}"
EndProject
Project("{FAE04EC0-301F-11D3-BF4B-00C04F79EFBC}") = "Application", "src\Application\Application.csproj", "{A0217C81-504F-450A-8B5E-3E981BC0C84F}"
EndProject
Project("{FAE04EC0-301F-11D3-BF4B-00C04F79EFBC}") = "Infrastructure.Persistence", "src\Infrastructure.Persistence\Infrastructure.Persistence.csproj", "{5F2B6895-3712-4E1E-9E54-C6681F94938C}"
EndProject
Project("{FAE04EC0-301F-11D3-BF4B-00C04F79EFBC}") = "Infrastructure.Shared", "src\Infrastructure.Shared\Infrastructure.Shared.csproj", "{90154DBB-053B-4FE7-8447-7B14550929B4}"
EndProject
Project("{FAE04EC0-301F-11D3-BF4B-00C04F79EFBC}") = "WebAPI", "src\WebAPI\WebAPI.csproj", "{72C2E5BA-9A18-4137-8EB8-72A8085EC125}"
EndProject
Project("{FAE04EC0-301F-11D3-BF4B-00C04F79EFBC}") = "WebApplication1", "src\WebApplication1\WebApplication1.csproj", "{9EB8D219-DDC1-4231-86E4-1FC6701D814A}"
EndProject
Global
	GlobalSection(SolutionConfigurationPlatforms) = preSolution
		Debug|Any CPU = Debug|Any CPU
		Release|Any CPU = Release|Any CPU
	EndGlobalSection
	GlobalSection(NestedProjects) = preSolution
		{307A4E10-7C7F-4C04-962B-1BB3F4038453} = {AA8F2F96-72C3-4318-84C0-F7752B091EAF}
		{A0217C81-504F-450A-8B5E-3E981BC0C84F} = {AA8F2F96-72C3-4318-84C0-F7752B091EAF}
		{5F2B6895-3712-4E1E-9E54-C6681F94938C} = {AA8F2F96-72C3-4318-84C0-F7752B091EAF}
		{90154DBB-053B-4FE7-8447-7B14550929B4} = {AA8F2F96-72C3-4318-84C0-F7752B091EAF}
		{72C2E5BA-9A18-4137-8EB8-72A8085EC125} = {AA8F2F96-72C3-4318-84C0-F7752B091EAF}
		{9EB8D219-DDC1-4231-86E4-1FC6701D814A} = {AA8F2F96-72C3-4318-84C0-F7752B091EAF}
	EndGlobalSection
	GlobalSection(ProjectConfigurationPlatforms) = postSolution
		{307A4E10-7C7F-4C04-962B-1BB3F4038453}.Debug|Any CPU.ActiveCfg = Debug|Any CPU
		{307A4E10-7C7F-4C04-962B-1BB3F4038453}.Debug|Any CPU.Build.0 = Debug|Any CPU
		{307A4E10-7C7F-4C04-962B-1BB3F4038453}.Release|Any CPU.ActiveCfg = Release|Any CPU
		{307A4E10-7C7F-4C04-962B-1BB3F4038453}.Release|Any CPU.Build.0 = Release|Any CPU
		{A0217C81-504F-450A-8B5E-3E981BC0C84F}.Debug|Any CPU.ActiveCfg = Debug|Any CPU
		{A0217C81-504F-450A-8B5E-3E981BC0C84F}.Debug|Any CPU.Build.0 = Debug|Any CPU
		{A0217C81-504F-450A-8B5E-3E981BC0C84F}.Release|Any CPU.ActiveCfg = Release|Any CPU
		{A0217C81-504F-450A-8B5E-3E981BC0C84F}.Release|Any CPU.Build.0 = Release|Any CPU
		{5F2B6895-3712-4E1E-9E54-C6681F94938C}.Debug|Any CPU.ActiveCfg = Debug|Any CPU
		{5F2B6895-3712-4E1E-9E54-C6681F94938C}.Debug|Any CPU.Build.0 = Debug|Any CPU
		{5F2B6895-3712-4E1E-9E54-C6681F94938C}.Release|Any CPU.ActiveCfg = Release|Any CPU
		{5F2B6895-3712-4E1E-9E54-C6681F94938C}.Release|Any CPU.Build.0 = Release|Any CPU
		{90154DBB-053B-4FE7-8447-7B14550929B4}.Debug|Any CPU.ActiveCfg = Debug|Any CPU
		{90154DBB-053B-4FE7-8447-7B14550929B4}.Debug|Any CPU.Build.0 = Debug|Any CPU
		{90154DBB-053B-4FE7-8447-7B14550929B4}.Release|Any CPU.ActiveCfg = Release|Any CPU
		{90154DBB-053B-4FE7-8447-7B14550929B4}.Release|Any CPU.Build.0 = Release|Any CPU
		{72C2E5BA-9A18-4137-8EB8-72A8085EC125}.Debug|Any CPU.ActiveCfg = Debug|Any CPU
		{72C2E5BA-9A18-4137-8EB8-72A8085EC125}.Debug|Any CPU.Build.0 = Debug|Any CPU
		{72C2E5BA-9A18-4137-8EB8-72A8085EC125}.Release|Any CPU.ActiveCfg = Release|Any CPU
		{72C2E5BA-9A18-4137-8EB8-72A8085EC125}.Release|Any CPU.Build.0 = Release|Any CPU
		{9EB8D219-DDC1-4231-86E4-1FC6701D814A}.Debug|Any CPU.ActiveCfg = Debug|Any CPU
		{9EB8D219-DDC1-4231-86E4-1FC6701D814A}.Debug|Any CPU.Build.0 = Debug|Any CPU
		{9EB8D219-DDC1-4231-86E4-1FC6701D814A}.Release|Any CPU.ActiveCfg = Release|Any CPU
		{9EB8D219-DDC1-4231-86E4-1FC6701D814A}.Release|Any CPU.Build.0 = Release|Any CPU
	EndGlobalSection
EndGlobal
